
Microsoft Visual Studio Solution File, Format Version 12.00
# Visual Studio Version 17
VisualStudioVersion = 17.14.36202.13
MinimumVisualStudioVersion = 10.0.40219.1
Project("{9A19103F-16F7-4668-BE54-9A1E7A4F7556}") = "bsd", "bsd\bsd.csproj", "{7F74B9FD-DB7A-42CA-A0ED-57F3BAE37E4F}"
EndProject
Project("{FAE04EC0-301F-11D3-BF4B-00C04F79EFBC}") = "BibTest1", "BibTest1\BibTest1.csproj", "{CE46BFB9-8C74-41A8-A6C8-A15DE3741696}"
EndProject
Global
	GlobalSection(SolutionConfigurationPlatforms) = preSolution
		Debug|Any CPU = Debug|Any CPU
		Release|Any CPU = Release|Any CPU
	EndGlobalSection
	GlobalSection(ProjectConfigurationPlatforms) = postSolution
		{7F74B9FD-DB7A-42CA-A0ED-57F3BAE37E4F}.Debug|Any CPU.ActiveCfg = Debug|Any CPU
		{7F74B9FD-DB7A-42CA-A0ED-57F3BAE37E4F}.Debug|Any CPU.Build.0 = Debug|Any CPU
		{7F74B9FD-DB7A-42CA-A0ED-57F3BAE37E4F}.Release|Any CPU.ActiveCfg = Release|Any CPU
		{7F74B9FD-DB7A-42CA-A0ED-57F3BAE37E4F}.Release|Any CPU.Build.0 = Release|Any CPU
		{CE46BFB9-8C74-41A8-A6C8-A15DE3741696}.Debug|Any CPU.ActiveCfg = Debug|Any CPU
		{CE46BFB9-8C74-41A8-A6C8-A15DE3741696}.Debug|Any CPU.Build.0 = Debug|Any CPU
		{CE46BFB9-8C74-41A8-A6C8-A15DE3741696}.Release|Any CPU.ActiveCfg = Release|Any CPU
		{CE46BFB9-8C74-41A8-A6C8-A15DE3741696}.Release|Any CPU.Build.0 = Release|Any CPU
	EndGlobalSection
	GlobalSection(SolutionProperties) = preSolution
		HideSolutionNode = FALSE
	EndGlobalSection
	GlobalSection(ExtensibilityGlobals) = postSolution
		SolutionGuid = {F0686A9B-81CA-4B88-B818-745D7180DC34}
	EndGlobalSection
EndGlobal
